
Microsoft Visual Studio Solution File, Format Version 12.00
# Visual Studio Version 17
VisualStudioVersion = 17.5.33502.453
MinimumVisualStudioVersion = 10.0.40219.1
Project("{FAE04EC0-301F-11D3-BF4B-00C04F79EFBC}") = "NZWalks.Api", "NZWalks.Api\NZWalks.Api.csproj", "{BB298CF4-6D9B-44D3-8B17-3C283077BD46}"
EndProject
Global
	GlobalSection(SolutionConfigurationPlatforms) = preSolution
		Debug|Any CPU = Debug|Any CPU
		Release|Any CPU = Release|Any CPU
	EndGlobalSection
	GlobalSection(ProjectConfigurationPlatforms) = postSolution
		{BB298CF4-6D9B-44D3-8B17-3C283077BD46}.Debug|Any CPU.ActiveCfg = Debug|Any CPU
		{BB298CF4-6D9B-44D3-8B17-3C283077BD46}.Debug|Any CPU.Build.0 = Debug|Any CPU
		{BB298CF4-6D9B-44D3-8B17-3C283077BD46}.Release|Any CPU.ActiveCfg = Release|Any CPU
		{BB298CF4-6D9B-44D3-8B17-3C283077BD46}.Release|Any CPU.Build.0 = Release|Any CPU
	EndGlobalSection
	GlobalSection(SolutionProperties) = preSolution
		HideSolutionNode = FALSE
	EndGlobalSection
	GlobalSection(ExtensibilityGlobals) = postSolution
		SolutionGuid = {C0A55E08-E204-4BF7-BD6A-9CFAE1B17797}
	EndGlobalSection
EndGlobal
